
Microsoft Visual Studio Solution File, Format Version 12.00
# Visual Studio Version 17
VisualStudioVersion = 17.14.36518.9 d17.14
MinimumVisualStudioVersion = 10.0.40219.1
Project("{FAE04EC0-301F-11D3-BF4B-00C04F79EFBC}") = "eCommApp", "eCommApp\eCommApp.csproj", "{6832623B-E9BA-4BBF-8A26-5F6FDAE873A1}"
EndProject
Global
	GlobalSection(SolutionConfigurationPlatforms) = preSolution
		Debug|Any CPU = Debug|Any CPU
		Release|Any CPU = Release|Any CPU
	EndGlobalSection
	GlobalSection(ProjectConfigurationPlatforms) = postSolution
		{6832623B-E9BA-4BBF-8A26-5F6FDAE873A1}.Debug|Any CPU.ActiveCfg = Debug|Any CPU
		{6832623B-E9BA-4BBF-8A26-5F6FDAE873A1}.Debug|Any CPU.Build.0 = Debug|Any CPU
		{6832623B-E9BA-4BBF-8A26-5F6FDAE873A1}.Release|Any CPU.ActiveCfg = Release|Any CPU
		{6832623B-E9BA-4BBF-8A26-5F6FDAE873A1}.Release|Any CPU.Build.0 = Release|Any CPU
	EndGlobalSection
	GlobalSection(SolutionProperties) = preSolution
		HideSolutionNode = FALSE
	EndGlobalSection
	GlobalSection(ExtensibilityGlobals) = postSolution
		SolutionGuid = {B3FB403A-BDE7-4589-897E-15F3EECBF3E1}
	EndGlobalSection
EndGlobal
